// !$*UTF8*$!
{
	archiveVersion = 1;
	classes = {
	};
	objectVersion = 46;
	objects = {

/* Begin PBXBuildFile section */
		971E99A6185750D700E970E2 /* Foundation.framework in Frameworks */ = {isa = PBXBuildFile; fileRef = 971E99A5185750D700E970E2 /* Foundation.framework */; };
		971E99A8185750D700E970E2 /* CoreGraphics.framework in Frameworks */ = {isa = PBXBuildFile; fileRef = 971E99A7185750D700E970E2 /* CoreGraphics.framework */; };
		971E99AA185750D700E970E2 /* UIKit.framework in Frameworks */ = {isa = PBXBuildFile; fileRef = 971E99A9185750D700E970E2 /* UIKit.framework */; };
		971E99B0185750D700E970E2 /* InfoPlist.strings in Resources */ = {isa = PBXBuildFile; fileRef = 971E99AE185750D700E970E2 /* InfoPlist.strings */; };
		971E99B2185750D700E970E2 /* main.m in Sources */ = {isa = PBXBuildFile; fileRef = 971E99B1185750D700E970E2 /* main.m */; };
		971E99B6185750D700E970E2 /* AppDelegate.m in Sources */ = {isa = PBXBuildFile; fileRef = 971E99B5185750D700E970E2 /* AppDelegate.m */; };
		971E99B9185750D700E970E2 /* Main.storyboard in Resources */ = {isa = PBXBuildFile; fileRef = 971E99B7185750D700E970E2 /* Main.storyboard */; };
		971E99BE185750D700E970E2 /* Images.xcassets in Resources */ = {isa = PBXBuildFile; fileRef = 971E99BD185750D700E970E2 /* Images.xcassets */; };
		971E99C5185750D700E970E2 /* XCTest.framework in Frameworks */ = {isa = PBXBuildFile; fileRef = 971E99C4185750D700E970E2 /* XCTest.framework */; };
		971E99C6185750D700E970E2 /* Foundation.framework in Frameworks */ = {isa = PBXBuildFile; fileRef = 971E99A5185750D700E970E2 /* Foundation.framework */; };
		971E99C7185750D700E970E2 /* UIKit.framework in Frameworks */ = {isa = PBXBuildFile; fileRef = 971E99A9185750D700E970E2 /* UIKit.framework */; };
		971E99CF185750D700E970E2 /* InfoPlist.strings in Resources */ = {isa = PBXBuildFile; fileRef = 971E99CD185750D700E970E2 /* InfoPlist.strings */; };
		971E99DF185750ED00E970E2 /* ViewController.m in Sources */ = {isa = PBXBuildFile; fileRef = 971E99DB185750ED00E970E2 /* ViewController.m */; };
		971E99E0185750ED00E970E2 /* PathfindingNode.m in Sources */ = {isa = PBXBuildFile; fileRef = 971E99DD185750ED00E970E2 /* PathfindingNode.m */; };
		971E99E1185750ED00E970E2 /* Level.plist in Resources */ = {isa = PBXBuildFile; fileRef = 971E99DE185750ED00E970E2 /* Level.plist */; };
/* End PBXBuildFile section */

/* Begin PBXContainerItemProxy section */
		971E99C8185750D700E970E2 /* PBXContainerItemProxy */ = {
			isa = PBXContainerItemProxy;
			containerPortal = 971E999A185750D700E970E2 /* Project object */;
			proxyType = 1;
			remoteGlobalIDString = 971E99A1185750D700E970E2;
			remoteInfo = "A* iOS";
		};
/* End PBXContainerItemProxy section */

/* Begin PBXFileReference section */
		971E99A2185750D700E970E2 /* A* iOS.app */ = {isa = PBXFileReference; explicitFileType = wrapper.application; includeInIndex = 0; path = "A* iOS.app"; sourceTree = BUILT_PRODUCTS_DIR; };
		971E99A5185750D700E970E2 /* Foundation.framework */ = {isa = PBXFileReference; lastKnownFileType = wrapper.framework; name = Foundation.framework; path = System/Library/Frameworks/Foundation.framework; sourceTree = SDKROOT; };
		971E99A7185750D700E970E2 /* CoreGraphics.framework */ = {isa = PBXFileReference; lastKnownFileType = wrapper.framework; name = CoreGraphics.framework; path = System/Library/Frameworks/CoreGraphics.framework; sourceTree = SDKROOT; };
		971E99A9185750D700E970E2 /* UIKit.framework */ = {isa = PBXFileReference; lastKnownFileType = wrapper.framework; name = UIKit.framework; path = System/Library/Frameworks/UIKit.framework; sourceTree = SDKROOT; };
		971E99AD185750D700E970E2 /* A* iOS-Info.plist */ = {isa = PBXFileReference; lastKnownFileType = text.plist.xml; path = "A* iOS-Info.plist"; sourceTree = "<group>"; };
		971E99AF185750D700E970E2 /* en */ = {isa = PBXFileReference; lastKnownFileType = text.plist.strings; name = en; path = en.lproj/InfoPlist.strings; sourceTree = "<group>"; };
		971E99B1185750D700E970E2 /* main.m */ = {isa = PBXFileReference; lastKnownFileType = sourcecode.c.objc; path = main.m; sourceTree = "<group>"; };
		971E99B3185750D700E970E2 /* A* iOS-Prefix.pch */ = {isa = PBXFileReference; lastKnownFileType = sourcecode.c.h; path = "A* iOS-Prefix.pch"; sourceTree = "<group>"; };
		971E99B4185750D700E970E2 /* AppDelegate.h */ = {isa = PBXFileReference; lastKnownFileType = sourcecode.c.h; path = AppDelegate.h; sourceTree = "<group>"; };
		971E99B5185750D700E970E2 /* AppDelegate.m */ = {isa = PBXFileReference; lastKnownFileType = sourcecode.c.objc; path = AppDelegate.m; sourceTree = "<group>"; };
		971E99B8185750D700E970E2 /* Base */ = {isa = PBXFileReference; lastKnownFileType = file.storyboard; name = Base; path = Base.lproj/Main.storyboard; sourceTree = "<group>"; };
		971E99BD185750D700E970E2 /* Images.xcassets */ = {isa = PBXFileReference; lastKnownFileType = folder.assetcatalog; path = Images.xcassets; sourceTree = "<group>"; };
		971E99C3185750D700E970E2 /* A* iOSTests.xctest */ = {isa = PBXFileReference; explicitFileType = wrapper.cfbundle; includeInIndex = 0; path = "A* iOSTests.xctest"; sourceTree = BUILT_PRODUCTS_DIR; };
		971E99C4185750D700E970E2 /* XCTest.framework */ = {isa = PBXFileReference; lastKnownFileType = wrapper.framework; name = XCTest.framework; path = Library/Frameworks/XCTest.framework; sourceTree = DEVELOPER_DIR; };
		971E99CC185750D700E970E2 /* A* iOSTests-Info.plist */ = {isa = PBXFileReference; lastKnownFileType = text.plist.xml; path = "A* iOSTests-Info.plist"; sourceTree = "<group>"; };
		971E99CE185750D700E970E2 /* en */ = {isa = PBXFileReference; lastKnownFileType = text.plist.strings; name = en; path = en.lproj/InfoPlist.strings; sourceTree = "<group>"; };
		971E99DA185750ED00E970E2 /* ViewController.h */ = {isa = PBXFileReference; fileEncoding = 4; lastKnownFileType = sourcecode.c.h; path = ViewController.h; sourceTree = "<group>"; };
		971E99DB185750ED00E970E2 /* ViewController.m */ = {isa = PBXFileReference; fileEncoding = 4; lastKnownFileType = sourcecode.c.objc; path = ViewController.m; sourceTree = "<group>"; };
		971E99DC185750ED00E970E2 /* PathfindingNode.h */ = {isa = PBXFileReference; fileEncoding = 4; lastKnownFileType = sourcecode.c.h; path = PathfindingNode.h; sourceTree = "<group>"; };
		971E99DD185750ED00E970E2 /* PathfindingNode.m */ = {isa = PBXFileReference; fileEncoding = 4; lastKnownFileType = sourcecode.c.objc; path = PathfindingNode.m; sourceTree = "<group>"; };
		971E99DE185750ED00E970E2 /* Level.plist */ = {isa = PBXFileReference; fileEncoding = 4; lastKnownFileType = text.plist.xml; path = Level.plist; sourceTree = "<group>"; };
/* End PBXFileReference section */

/* Begin PBXFrameworksBuildPhase section */
		971E999F185750D700E970E2 /* Frameworks */ = {
			isa = PBXFrameworksBuildPhase;
			buildActionMask = 2147483647;
			files = (
				971E99A8185750D700E970E2 /* CoreGraphics.framework in Frameworks */,
				971E99AA185750D700E970E2 /* UIKit.framework in Frameworks */,
				971E99A6185750D700E970E2 /* Foundation.framework in Frameworks */,
			);
			runOnlyForDeploymentPostprocessing = 0;
		};
		971E99C0185750D700E970E2 /* Frameworks */ = {
			isa = PBXFrameworksBuildPhase;
			buildActionMask = 2147483647;
			files = (
				971E99C5185750D700E970E2 /* XCTest.framework in Frameworks */,
				971E99C7185750D700E970E2 /* UIKit.framework in Frameworks */,
				971E99C6185750D700E970E2 /* Foundation.framework in Frameworks */,
			);
			runOnlyForDeploymentPostprocessing = 0;
		};
/* End PBXFrameworksBuildPhase section */

/* Begin PBXGroup section */
		971E9999185750D700E970E2 = {
			isa = PBXGroup;
			children = (
				971E99AB185750D700E970E2 /* A* iOS */,
				971E99CA185750D700E970E2 /* A* iOSTests */,
				971E99A4185750D700E970E2 /* Frameworks */,
				971E99A3185750D700E970E2 /* Products */,
			);
			sourceTree = "<group>";
		};
		971E99A3185750D700E970E2 /* Products */ = {
			isa = PBXGroup;
			children = (
				971E99A2185750D700E970E2 /* A* iOS.app */,
				971E99C3185750D700E970E2 /* A* iOSTests.xctest */,
			);
			name = Products;
			sourceTree = "<group>";
		};
		971E99A4185750D700E970E2 /* Frameworks */ = {
			isa = PBXGroup;
			children = (
				971E99A5185750D700E970E2 /* Foundation.framework */,
				971E99A7185750D700E970E2 /* CoreGraphics.framework */,
				971E99A9185750D700E970E2 /* UIKit.framework */,
				971E99C4185750D700E970E2 /* XCTest.framework */,
			);
			name = Frameworks;
			sourceTree = "<group>";
		};
		971E99AB185750D700E970E2 /* A* iOS */ = {
			isa = PBXGroup;
			children = (
				971E99B4185750D700E970E2 /* AppDelegate.h */,
				971E99B5185750D700E970E2 /* AppDelegate.m */,
				971E99B7185750D700E970E2 /* Main.storyboard */,
				971E99DA185750ED00E970E2 /* ViewController.h */,
				971E99DB185750ED00E970E2 /* ViewController.m */,
				971E99DC185750ED00E970E2 /* PathfindingNode.h */,
				971E99DD185750ED00E970E2 /* PathfindingNode.m */,
				971E99DE185750ED00E970E2 /* Level.plist */,
				971E99BD185750D700E970E2 /* Images.xcassets */,
				971E99AC185750D700E970E2 /* Supporting Files */,
			);
			path = "A* iOS";
			sourceTree = "<group>";
		};
		971E99AC185750D700E970E2 /* Supporting Files */ = {
			isa = PBXGroup;
			children = (
				971E99AD185750D700E970E2 /* A* iOS-Info.plist */,
				971E99AE185750D700E970E2 /* InfoPlist.strings */,
				971E99B1185750D700E970E2 /* main.m */,
				971E99B3185750D700E970E2 /* A* iOS-Prefix.pch */,
			);
			name = "Supporting Files";
			sourceTree = "<group>";
		};
		971E99CA185750D700E970E2 /* A* iOSTests */ = {
			isa = PBXGroup;
			children = (
				971E99CB185750D700E970E2 /* Supporting Files */,
			);
			path = "A* iOSTests";
			sourceTree = "<group>";
		};
		971E99CB185750D700E970E2 /* Supporting Files */ = {
			isa = PBXGroup;
			children = (
				971E99CC185750D700E970E2 /* A* iOSTests-Info.plist */,
				971E99CD185750D700E970E2 /* InfoPlist.strings */,
			);
			name = "Supporting Files";
			sourceTree = "<group>";
		};
/* End PBXGroup section */

/* Begin PBXNativeTarget section */
		971E99A1185750D700E970E2 /* A* iOS */ = {
			isa = PBXNativeTarget;
			buildConfigurationList = 971E99D4185750D700E970E2 /* Build configuration list for PBXNativeTarget "A* iOS" */;
			buildPhases = (
				971E999E185750D700E970E2 /* Sources */,
				971E999F185750D700E970E2 /* Frameworks */,
				971E99A0185750D700E970E2 /* Resources */,
			);
			buildRules = (
			);
			dependencies = (
			);
			name = "A* iOS";
			productName = "A* iOS";
			productReference = 971E99A2185750D700E970E2 /* A* iOS.app */;
			productType = "com.apple.product-type.application";
		};
		971E99C2185750D700E970E2 /* A* iOSTests */ = {
			isa = PBXNativeTarget;
			buildConfigurationList = 971E99D7185750D700E970E2 /* Build configuration list for PBXNativeTarget "A* iOSTests" */;
			buildPhases = (
				971E99BF185750D700E970E2 /* Sources */,
				971E99C0185750D700E970E2 /* Frameworks */,
				971E99C1185750D700E970E2 /* Resources */,
			);
			buildRules = (
			);
			dependencies = (
				971E99C9185750D700E970E2 /* PBXTargetDependency */,
			);
			name = "A* iOSTests";
			productName = "A* iOSTests";
			productReference = 971E99C3185750D700E970E2 /* A* iOSTests.xctest */;
			productType = "com.apple.product-type.bundle.unit-test";
		};
/* End PBXNativeTarget section */

/* Begin PBXProject section */
		971E999A185750D700E970E2 /* Project object */ = {
			isa = PBXProject;
			attributes = {
				LastUpgradeCheck = 0500;
				ORGANIZATIONNAME = "Carlotta Tatti";
				TargetAttributes = {
					971E99C2185750D700E970E2 = {
						TestTargetID = 971E99A1185750D700E970E2;
					};
				};
			};
			buildConfigurationList = 971E999D185750D700E970E2 /* Build configuration list for PBXProject "A* iOS" */;
			compatibilityVersion = "Xcode 3.2";
			developmentRegion = English;
			hasScannedForEncodings = 0;
			knownRegions = (
				en,
				Base,
			);
			mainGroup = 971E9999185750D700E970E2;
			productRefGroup = 971E99A3185750D700E970E2 /* Products */;
			projectDirPath = "";
			projectRoot = "";
			targets = (
				971E99A1185750D700E970E2 /* A* iOS */,
				971E99C2185750D700E970E2 /* A* iOSTests */,
			);
		};
/* End PBXProject section */

/* Begin PBXResourcesBuildPhase section */
		971E99A0185750D700E970E2 /* Resources */ = {
			isa = PBXResourcesBuildPhase;
			buildActionMask = 2147483647;
			files = (
				971E99BE185750D700E970E2 /* Images.xcassets in Resources */,
				971E99E1185750ED00E970E2 /* Level.plist in Resources */,
				971E99B0185750D700E970E2 /* InfoPlist.strings in Resources */,
				971E99B9185750D700E970E2 /* Main.storyboard in Resources */,
			);
			runOnlyForDeploymentPostprocessing = 0;
		};
		971E99C1185750D700E970E2 /* Resources */ = {
			isa = PBXResourcesBuildPhase;
			buildActionMask = 2147483647;
			files = (
				971E99CF185750D700E970E2 /* InfoPlist.strings in Resources */,
			);
			runOnlyForDeploymentPostprocessing = 0;
		};
/* End PBXResourcesBuildPhase section */

/* Begin PBXSourcesBuildPhase section */
		971E999E185750D700E970E2 /* Sources */ = {
			isa = PBXSourcesBuildPhase;
			buildActionMask = 2147483647;
			files = (
				971E99DF185750ED00E970E2 /* ViewController.m in Sources */,
				971E99B6185750D700E970E2 /* AppDelegate.m in Sources */,
				971E99E0185750ED00E970E2 /* PathfindingNode.m in Sources */,
				971E99B2185750D700E970E2 /* main.m in Sources */,
			);
			runOnlyForDeploymentPostprocessing = 0;
		};
		971E99BF185750D700E970E2 /* Sources */ = {
			isa = PBXSourcesBuildPhase;
			buildActionMask = 2147483647;
			files = (
			);
			runOnlyForDeploymentPostprocessing = 0;
		};
/* End PBXSourcesBuildPhase section */

/* Begin PBXTargetDependency section */
		971E99C9185750D700E970E2 /* PBXTargetDependency */ = {
			isa = PBXTargetDependency;
			target = 971E99A1185750D700E970E2 /* A* iOS */;
			targetProxy = 971E99C8185750D700E970E2 /* PBXContainerItemProxy */;
		};
/* End PBXTargetDependency section */

/* Begin PBXVariantGroup section */
		971E99AE185750D700E970E2 /* InfoPlist.strings */ = {
			isa = PBXVariantGroup;
			children = (
				971E99AF185750D700E970E2 /* en */,
			);
			name = InfoPlist.strings;
			sourceTree = "<group>";
		};
		971E99B7185750D700E970E2 /* Main.storyboard */ = {
			isa = PBXVariantGroup;
			children = (
				971E99B8185750D700E970E2 /* Base */,
			);
			name = Main.storyboard;
			sourceTree = "<group>";
		};
		971E99CD185750D700E970E2 /* InfoPlist.strings */ = {
			isa = PBXVariantGroup;
			children = (
				971E99CE185750D700E970E2 /* en */,
			);
			name = InfoPlist.strings;
			sourceTree = "<group>";
		};
/* End PBXVariantGroup section */

/* Begin XCBuildConfiguration section */
		971E99D2185750D700E970E2 /* Debug */ = {
			isa = XCBuildConfiguration;
			buildSettings = {
				ALWAYS_SEARCH_USER_PATHS = NO;
				ARCHS = "$(ARCHS_STANDARD_INCLUDING_64_BIT)";
				CLANG_CXX_LANGUAGE_STANDARD = "gnu++0x";
				CLANG_CXX_LIBRARY = "libc++";
				CLANG_ENABLE_MODULES = YES;
				CLANG_ENABLE_OBJC_ARC = YES;
				CLANG_WARN_BOOL_CONVERSION = YES;
				CLANG_WARN_CONSTANT_CONVERSION = YES;
				CLANG_WARN_DIRECT_OBJC_ISA_USAGE = YES_ERROR;
				CLANG_WARN_EMPTY_BODY = YES;
				CLANG_WARN_ENUM_CONVERSION = YES;
				CLANG_WARN_INT_CONVERSION = YES;
				CLANG_WARN_OBJC_ROOT_CLASS = YES_ERROR;
				CLANG_WARN__DUPLICATE_METHOD_MATCH = YES;
				"CODE_SIGN_IDENTITY[sdk=iphoneos*]" = "iPhone Developer";
				COPY_PHASE_STRIP = NO;
				GCC_C_LANGUAGE_STANDARD = gnu99;
				GCC_DYNAMIC_NO_PIC = NO;
				GCC_OPTIMIZATION_LEVEL = 0;
				GCC_PREPROCESSOR_DEFINITIONS = (
					"DEBUG=1",
					"$(inherited)",
				);
				GCC_SYMBOLS_PRIVATE_EXTERN = NO;
				GCC_WARN_64_TO_32_BIT_CONVERSION = YES;
				GCC_WARN_ABOUT_RETURN_TYPE = YES_ERROR;
				GCC_WARN_UNDECLARED_SELECTOR = YES;
				GCC_WARN_UNINITIALIZED_AUTOS = YES;
				GCC_WARN_UNUSED_FUNCTION = YES;
				GCC_WARN_UNUSED_VARIABLE = YES;
				IPHONEOS_DEPLOYMENT_TARGET = 7.0;
				ONLY_ACTIVE_ARCH = YES;
				SDKROOT = iphoneos;
			};
			name = Debug;
		};
		971E99D3185750D700E970E2 /* Release */ = {
			isa = XCBuildConfiguration;
			buildSettings = {
				ALWAYS_SEARCH_USER_PATHS = NO;
				ARCHS = "$(ARCHS_STANDARD_INCLUDING_64_BIT)";
				CLANG_CXX_LANGUAGE_STANDARD = "gnu++0x";
				CLANG_CXX_LIBRARY = "libc++";
				CLANG_ENABLE_MODULES = YES;
				CLANG_ENABLE_OBJC_ARC = YES;
				CLANG_WARN_BOOL_CONVERSION = YES;
				CLANG_WARN_CONSTANT_CONVERSION = YES;
				CLANG_WARN_DIRECT_OBJC_ISA_USAGE = YES_ERROR;
				CLANG_WARN_EMPTY_BODY = YES;
				CLANG_WARN_ENUM_CONVERSION = YES;
				CLANG_WARN_INT_CONVERSION = YES;
				CLANG_WARN_OBJC_ROOT_CLASS = YES_ERROR;
				CLANG_WARN__DUPLICATE_METHOD_MATCH = YES;
				"CODE_SIGN_IDENTITY[sdk=iphoneos*]" = "iPhone Developer";
				COPY_PHASE_STRIP = YES;
				ENABLE_NS_ASSERTIONS = NO;
				GCC_C_LANGUAGE_STANDARD = gnu99;
				GCC_WARN_64_TO_32_BIT_CONVERSION = YES;
				GCC_WARN_ABOUT_RETURN_TYPE = YES_ERROR;
				GCC_WARN_UNDECLARED_SELECTOR = YES;
				GCC_WARN_UNINITIALIZED_AUTOS = YES;
				GCC_WARN_UNUSED_FUNCTION = YES;
				GCC_WARN_UNUSED_VARIABLE = YES;
				IPHONEOS_DEPLOYMENT_TARGET = 7.0;
				SDKROOT = iphoneos;
				VALIDATE_PRODUCT = YES;
			};
			name = Release;
		};
		971E99D5185750D700E970E2 /* Debug */ = {
			isa = XCBuildConfiguration;
			buildSettings = {
				ASSETCATALOG_COMPILER_APPICON_NAME = AppIcon;
				ASSETCATALOG_COMPILER_LAUNCHIMAGE_NAME = LaunchImage;
				GCC_PRECOMPILE_PREFIX_HEADER = YES;
				GCC_PREFIX_HEADER = "A* iOS/A* iOS-Prefix.pch";
				INFOPLIST_FILE = "A* iOS/A* iOS-Info.plist";
				PRODUCT_NAME = "$(TARGET_NAME)";
				WRAPPER_EXTENSION = app;
			};
			name = Debug;
		};
		971E99D6185750D700E970E2 /* Release */ = {
			isa = XCBuildConfiguration;
			buildSettings = {
				ASSETCATALOG_COMPILER_APPICON_NAME = AppIcon;
				ASSETCATALOG_COMPILER_LAUNCHIMAGE_NAME = LaunchImage;
				GCC_PRECOMPILE_PREFIX_HEADER = YES;
				GCC_PREFIX_HEADER = "A* iOS/A* iOS-Prefix.pch";
				INFOPLIST_FILE = "A* iOS/A* iOS-Info.plist";
				PRODUCT_NAME = "$(TARGET_NAME)";
				WRAPPER_EXTENSION = app;
			};
			name = Release;
		};
		971E99D8185750D700E970E2 /* Debug */ = {
			isa = XCBuildConfiguration;
			buildSettings = {
				ARCHS = "$(ARCHS_STANDARD_INCLUDING_64_BIT)";
				BUNDLE_LOADER = "$(BUILT_PRODUCTS_DIR)/A* iOS.app/A* iOS";
				FRAMEWORK_SEARCH_PATHS = (
					"$(SDKROOT)/Developer/Library/Frameworks",
					"$(inherited)",
					"$(DEVELOPER_FRAMEWORKS_DIR)",
				);
				GCC_PRECOMPILE_PREFIX_HEADER = YES;
				GCC_PREFIX_HEADER = "A* iOS/A* iOS-Prefix.pch";
				GCC_PREPROCESSOR_DEFINITIONS = (
					"DEBUG=1",
					"$(inherited)",
				);
				INFOPLIST_FILE = "A* iOSTests/A* iOSTests-Info.plist";
				PRODUCT_NAME = "$(TARGET_NAME)";
				TEST_HOST = "$(BUNDLE_LOADER)";
				WRAPPER_EXTENSION = xctest;
			};
			name = Debug;
		};
		971E99D9185750D700E970E2 /* Release */ = {
			isa = XCBuildConfiguration;
			buildSettings = {
				ARCHS = "$(ARCHS_STANDARD_INCLUDING_64_BIT)";
				BUNDLE_LOADER = "$(BUILT_PRODUCTS_DIR)/A* iOS.app/A* iOS";
				FRAMEWORK_SEARCH_PATHS = (
					"$(SDKROOT)/Developer/Library/Frameworks",
					"$(inherited)",
					"$(DEVELOPER_FRAMEWORKS_DIR)",
				);
				GCC_PRECOMPILE_PREFIX_HEADER = YES;
				GCC_PREFIX_HEADER = "A* iOS/A* iOS-Prefix.pch";
				INFOPLIST_FILE = "A* iOSTests/A* iOSTests-Info.plist";
				PRODUCT_NAME = "$(TARGET_NAME)";
				TEST_HOST = "$(BUNDLE_LOADER)";
				WRAPPER_EXTENSION = xctest;
			};
			name = Release;
		};
/* End XCBuildConfiguration section */

/* Begin XCConfigurationList section */
		971E999D185750D700E970E2 /* Build configuration list for PBXProject "A* iOS" */ = {
			isa = XCConfigurationList;
			buildConfigurations = (
				971E99D2185750D700E970E2 /* Debug */,
				971E99D3185750D700E970E2 /* Release */,
			);
			defaultConfigurationIsVisible = 0;
			defaultConfigurationName = Release;
		};
		971E99D4185750D700E970E2 /* Build configuration list for PBXNativeTarget "A* iOS" */ = {
			isa = XCConfigurationList;
			buildConfigurations = (
				971E99D5185750D700E970E2 /* Debug */,
				971E99D6185750D700E970E2 /* Release */,
			);
			defaultConfigurationIsVisible = 0;
		};
		971E99D7185750D700E970E2 /* Build configuration list for PBXNativeTarget "A* iOSTests" */ = {
			isa = XCConfigurationList;
			buildConfigurations = (
				971E99D8185750D700E970E2 /* Debug */,
				971E99D9185750D700E970E2 /* Release */,
			);
			defaultConfigurationIsVisible = 0;
		};
/* End XCConfigurationList section */
	};
	rootObject = 971E999A185750D700E970E2 /* Project object */;
}
